// !$*UTF8*$!
{
	archiveVersion = 1;
	classes = {
	};
	objectVersion = 50;
	objects = {

/* Begin PBXBuildFile section */
		181A237F26054C6F008A02D2 /* RetrivePasswordView.swift in Sources */ = {isa = PBXBuildFile; fileRef = 181A237E26054C6F008A02D2 /* RetrivePasswordView.swift */; };
		1845B9EF26025E0B00AD52F7 /* UploadSheetView.swift in Sources */ = {isa = PBXBuildFile; fileRef = 1845B9EE26025E0B00AD52F7 /* UploadSheetView.swift */; };
		186AB63F2613CC2D00F01BD9 /* PersonalProfileUITests.swift in Sources */ = {isa = PBXBuildFile; fileRef = 186AB63E2613CC2D00F01BD9 /* PersonalProfileUITests.swift */; };
		186AB64D2614159D00F01BD9 /* WorkoutInterface.swift in Sources */ = {isa = PBXBuildFile; fileRef = 186AB64C2614159D00F01BD9 /* WorkoutInterface.swift */; };
		186AB65226141BBE00F01BD9 /* PersonalInterfaceUITest.swift in Sources */ = {isa = PBXBuildFile; fileRef = 186AB65126141BBE00F01BD9 /* PersonalInterfaceUITest.swift */; };
		18C7E2182602EF9200D8B3F3 /* NetworkResponses.swift in Sources */ = {isa = PBXBuildFile; fileRef = 18C7E2172602EF9200D8B3F3 /* NetworkResponses.swift */; };
		18DB4EB425FAD70C005BB894 /* BrowseView.swift in Sources */ = {isa = PBXBuildFile; fileRef = 18DB4EB325FAD70C005BB894 /* BrowseView.swift */; };
		18DB4EB925FAD71B005BB894 /* ExerciseCategoryRow.swift in Sources */ = {isa = PBXBuildFile; fileRef = 18DB4EB825FAD71B005BB894 /* ExerciseCategoryRow.swift */; };
		18DB4EC925FAD7A8005BB894 /* WoroutBrowseView.swift in Sources */ = {isa = PBXBuildFile; fileRef = 18DB4EC625FAD7A8005BB894 /* WoroutBrowseView.swift */; };
		18DB4ECA25FAD7A8005BB894 /* CategorySquareView.swift in Sources */ = {isa = PBXBuildFile; fileRef = 18DB4EC725FAD7A8005BB894 /* CategorySquareView.swift */; };
		18DB4ECB25FAD7A8005BB894 /* WorkoutView.swift in Sources */ = {isa = PBXBuildFile; fileRef = 18DB4EC825FAD7A8005BB894 /* WorkoutView.swift */; };
		18DB4EDC25FAD801005BB894 /* AuthenticationView.swift in Sources */ = {isa = PBXBuildFile; fileRef = 18DB4EDB25FAD801005BB894 /* AuthenticationView.swift */; };
		F61719FD25E88CF600C09CE9 /* FollowingUserList.swift in Sources */ = {isa = PBXBuildFile; fileRef = F61719FC25E88CF600C09CE9 /* FollowingUserList.swift */; };
		F6171A2025E8B4A300C09CE9 /* WorkoutDisplayItem.swift in Sources */ = {isa = PBXBuildFile; fileRef = F6171A1F25E8B4A300C09CE9 /* WorkoutDisplayItem.swift */; };
		F6171A2525E8B4BE00C09CE9 /* Workout.swift in Sources */ = {isa = PBXBuildFile; fileRef = F6171A2425E8B4BE00C09CE9 /* Workout.swift */; };
		F61BA67425D6205D00249ED1 /* SignInStatus.swift in Sources */ = {isa = PBXBuildFile; fileRef = F61BA67325D6205D00249ED1 /* SignInStatus.swift */; };
		F61BA69225D6358F00249ED1 /* HomeView.swift in Sources */ = {isa = PBXBuildFile; fileRef = F61BA69125D6358F00249ED1 /* HomeView.swift */; };
		F61BA69725D639AF00249ED1 /* MultiplePreview.swift in Sources */ = {isa = PBXBuildFile; fileRef = F61BA69625D639AF00249ED1 /* MultiplePreview.swift */; };
		F61BA6B825D75D5E00249ED1 /* SearchView.swift in Sources */ = {isa = PBXBuildFile; fileRef = F61BA6B725D75D5E00249ED1 /* SearchView.swift */; };
		F61BA6C325D7795C00249ED1 /* Color+Helpers.swift in Sources */ = {isa = PBXBuildFile; fileRef = F61BA6C225D7795C00249ED1 /* Color+Helpers.swift */; };
		F631D05025E878430002E3D1 /* MeView.swift in Sources */ = {isa = PBXBuildFile; fileRef = F631D04F25E878430002E3D1 /* MeView.swift */; };
		F664175C26081671002C78C0 /* LivestreamStatusView.swift in Sources */ = {isa = PBXBuildFile; fileRef = F664175B26081671002C78C0 /* LivestreamStatusView.swift */; };
		F66932A425DE12F4000D9442 /* AuthenticationState.swift in Sources */ = {isa = PBXBuildFile; fileRef = F66932A325DE12F4000D9442 /* AuthenticationState.swift */; };
		F66932B125DE13A8000D9442 /* PrivateInformation.swift in Sources */ = {isa = PBXBuildFile; fileRef = F66932B025DE13A8000D9442 /* PrivateInformation.swift */; };
		F66932B625DE147F000D9442 /* NetworkQueryController.swift in Sources */ = {isa = PBXBuildFile; fileRef = F66932B525DE147F000D9442 /* NetworkQueryController.swift */; };
		F66932BE25DE18B1000D9442 /* Exercise.swift in Sources */ = {isa = PBXBuildFile; fileRef = F66932BD25DE18B1000D9442 /* Exercise.swift */; };
		F66932C625DE1A09000D9442 /* MediaLoader.swift in Sources */ = {isa = PBXBuildFile; fileRef = F66932C525DE1A09000D9442 /* MediaLoader.swift */; };
		F66932D725DF6B9C000D9442 /* PublicProfile.swift in Sources */ = {isa = PBXBuildFile; fileRef = F66932D625DF6B9C000D9442 /* PublicProfile.swift */; };
		F66932F425DF749B000D9442 /* PropertyWrapper+Helpers.swift in Sources */ = {isa = PBXBuildFile; fileRef = F66932F325DF749B000D9442 /* PropertyWrapper+Helpers.swift */; };
		F669331625DFAF29000D9442 /* PlaceholderImage.swift in Sources */ = {isa = PBXBuildFile; fileRef = F669331525DFAF29000D9442 /* PlaceholderImage.swift */; };
		F669331B25DFB3E5000D9442 /* ExerciseDetail.swift in Sources */ = {isa = PBXBuildFile; fileRef = F669331A25DFB3E5000D9442 /* ExerciseDetail.swift */; };
		F669332025DFB75C000D9442 /* LiveIndicator.swift in Sources */ = {isa = PBXBuildFile; fileRef = F669331F25DFB75C000D9442 /* LiveIndicator.swift */; };
		F669332525E087F8000D9442 /* TokenEventController.swift in Sources */ = {isa = PBXBuildFile; fileRef = F669332425E087F8000D9442 /* TokenEventController.swift */; };
		F669333525E09932000D9442 /* NavigationViewWithSearchBar.swift in Sources */ = {isa = PBXBuildFile; fileRef = F669333425E09932000D9442 /* NavigationViewWithSearchBar.swift */; };
		F669335125E0DAB4000D9442 /* SearchRecommendation.swift in Sources */ = {isa = PBXBuildFile; fileRef = F669335025E0DAB4000D9442 /* SearchRecommendation.swift */; };
		F669335625E0DB7E000D9442 /* SearchResult.swift in Sources */ = {isa = PBXBuildFile; fileRef = F669335525E0DB7E000D9442 /* SearchResult.swift */; };
		F669336425E0E110000D9442 /* ExerciseListDisplayItem.swift in Sources */ = {isa = PBXBuildFile; fileRef = F669336325E0E110000D9442 /* ExerciseListDisplayItem.swift */; };
		F669338A25E10070000D9442 /* SearchState.swift in Sources */ = {isa = PBXBuildFile; fileRef = F669338925E10070000D9442 /* SearchState.swift */; };
		F669339525E100D8000D9442 /* UserListDisplayItem.swift in Sources */ = {isa = PBXBuildFile; fileRef = F669339425E100D8000D9442 /* UserListDisplayItem.swift */; };
		F669339A25E10334000D9442 /* UserDetail.swift in Sources */ = {isa = PBXBuildFile; fileRef = F669339925E10334000D9442 /* UserDetail.swift */; };
		F66E6BF825F5C87F00F36D9D /* ProfileHost.swift in Sources */ = {isa = PBXBuildFile; fileRef = F66E6BF725F5C87F00F36D9D /* ProfileHost.swift */; };
		F66E6C1E25F5E7AC00F36D9D /* UploadedExercisesList.swift in Sources */ = {isa = PBXBuildFile; fileRef = F66E6C1D25F5E7AC00F36D9D /* UploadedExercisesList.swift */; };
		F66E6C2925F5EB6400F36D9D /* DisclosureIndicator.swift in Sources */ = {isa = PBXBuildFile; fileRef = F66E6C2825F5EB6400F36D9D /* DisclosureIndicator.swift */; };
		F688EBBD25F8A800005F959A /* AuthenticationVerifiers.swift in Sources */ = {isa = PBXBuildFile; fileRef = F688EBBC25F8A800005F959A /* AuthenticationVerifiers.swift */; };
		F691AFBE25F6006F00283CE5 /* MiniProfileSummary.swift in Sources */ = {isa = PBXBuildFile; fileRef = F691AFBD25F6006F00283CE5 /* MiniProfileSummary.swift */; };
		F691AFC325F6095200283CE5 /* NotSetView.swift in Sources */ = {isa = PBXBuildFile; fileRef = F691AFC225F6095200283CE5 /* NotSetView.swift */; };
		F691AFC825F6097E00283CE5 /* DetailedProfileSummary.swift in Sources */ = {isa = PBXBuildFile; fileRef = F691AFC725F6097E00283CE5 /* DetailedProfileSummary.swift */; };
		F691AFCD25F609C400283CE5 /* ProfileEditor.swift in Sources */ = {isa = PBXBuildFile; fileRef = F691AFCC25F609C400283CE5 /* ProfileEditor.swift */; };
		F691AFE225F6FFB000283CE5 /* NicknameEditor.swift in Sources */ = {isa = PBXBuildFile; fileRef = F691AFE125F6FFB000283CE5 /* NicknameEditor.swift */; };
		F691AFEA25F6FFE600283CE5 /* BirthdayEditor.swift in Sources */ = {isa = PBXBuildFile; fileRef = F691AFE925F6FFE600283CE5 /* BirthdayEditor.swift */; };
		F691AFEF25F7007000283CE5 /* HeightEditor.swift in Sources */ = {isa = PBXBuildFile; fileRef = F691AFEE25F7007000283CE5 /* HeightEditor.swift */; };
		F691AFF425F7008F00283CE5 /* MassEditor.swift in Sources */ = {isa = PBXBuildFile; fileRef = F691AFF325F7008F00283CE5 /* MassEditor.swift */; };
		F6A5B1182606D53300559ED8 /* VideoPicker.swift in Sources */ = {isa = PBXBuildFile; fileRef = F6A5B1172606D53300559ED8 /* VideoPicker.swift */; };
		F6B1224F25F86FF600EC8AEE /* FractionalWidthView.swift in Sources */ = {isa = PBXBuildFile; fileRef = F6B1224E25F86FF600EC8AEE /* FractionalWidthView.swift */; };
		F6C0ED28260BEEB200ED63F8 /* AccessibilityIdentifiers.swift in Sources */ = {isa = PBXBuildFile; fileRef = F6C0ED27260BEEB200ED63F8 /* AccessibilityIdentifiers.swift */; };
		F6C0ED32260BF49200ED63F8 /* AccessibilityIdentifiers.swift in Sources */ = {isa = PBXBuildFile; fileRef = F6C0ED27260BEEB200ED63F8 /* AccessibilityIdentifiers.swift */; };
		F6C0ED36260BF49200ED63F8 /* AccessibilityIdentifiers.swift in Sources */ = {isa = PBXBuildFile; fileRef = F6C0ED27260BEEB200ED63F8 /* AccessibilityIdentifiers.swift */; };
		F6C0ED3B260BF56300ED63F8 /* ViewModifer+Helpers.swift in Sources */ = {isa = PBXBuildFile; fileRef = F6C0ED3A260BF56300ED63F8 /* ViewModifer+Helpers.swift */; };
		F6C7A3BB25D5F9630023D250 /* TestView.swift in Sources */ = {isa = PBXBuildFile; fileRef = F6C7A3BA25D5F9630023D250 /* TestView.swift */; };
		F6C7A3C825D60FE30023D250 /* InputVerificationStatus.swift in Sources */ = {isa = PBXBuildFile; fileRef = F6C7A3C725D60FE30023D250 /* InputVerificationStatus.swift */; };
		F6C7A3CD25D613F70023D250 /* CreateAccountView.swift in Sources */ = {isa = PBXBuildFile; fileRef = F6C7A3CC25D613F70023D250 /* CreateAccountView.swift */; };
		F6C7A3D225D616BC0023D250 /* SignInView.swift in Sources */ = {isa = PBXBuildFile; fileRef = F6C7A3D125D616BC0023D250 /* SignInView.swift */; };
		F6DC3FFB25E87EB200A1CD00 /* ExerciseSearchResultList.swift in Sources */ = {isa = PBXBuildFile; fileRef = F6DC3FFA25E87EB200A1CD00 /* ExerciseSearchResultList.swift */; };
		F6DC400025E87EC200A1CD00 /* UserSearchResultList.swift in Sources */ = {isa = PBXBuildFile; fileRef = F6DC3FFF25E87EC200A1CD00 /* UserSearchResultList.swift */; };
		F6DC400525E87F6200A1CD00 /* FavoriteExercisesList.swift in Sources */ = {isa = PBXBuildFile; fileRef = F6DC400425E87F6200A1CD00 /* FavoriteExercisesList.swift */; };
		F6E3095425E4DBE400F4B7A6 /* LoadingView.swift in Sources */ = {isa = PBXBuildFile; fileRef = F6E3095325E4DBE400F4B7A6 /* LoadingView.swift */; };
		F6E3095F25E4E1C600F4B7A6 /* NoResults.swift in Sources */ = {isa = PBXBuildFile; fileRef = F6E3095E25E4E1C600F4B7A6 /* NoResults.swift */; };
		F6E3096725E4F50300F4B7A6 /* BlurView.swift in Sources */ = {isa = PBXBuildFile; fileRef = F6E3096625E4F50300F4B7A6 /* BlurView.swift */; };
		F6E3096C25E4F5FD00F4B7A6 /* LiveBlurOverlay.swift in Sources */ = {isa = PBXBuildFile; fileRef = F6E3096B25E4F5FD00F4B7A6 /* LiveBlurOverlay.swift */; };
		F6E3097125E635E500F4B7A6 /* FollowButton.swift in Sources */ = {isa = PBXBuildFile; fileRef = F6E3097025E635E500F4B7A6 /* FollowButton.swift */; };
		F6E8AEF225F74E3C00EF4BE4 /* ImagePicker.swift in Sources */ = {isa = PBXBuildFile; fileRef = F6E8AEF125F74E3C00EF4BE4 /* ImagePicker.swift */; };
		F6E8AEF725F75A9000EF4BE4 /* ImageEditor.swift in Sources */ = {isa = PBXBuildFile; fileRef = F6E8AEF625F75A9000EF4BE4 /* ImageEditor.swift */; };
		F6E8AEFC25F75E3100EF4BE4 /* CircleImage.swift in Sources */ = {isa = PBXBuildFile; fileRef = F6E8AEFB25F75E3100EF4BE4 /* CircleImage.swift */; };
		F6E8AF0125F82CA800EF4BE4 /* SecurityView.swift in Sources */ = {isa = PBXBuildFile; fileRef = F6E8AF0025F82CA800EF4BE4 /* SecurityView.swift */; };
		F6E8AF0625F82D6C00EF4BE4 /* ChangePasswordView.swift in Sources */ = {isa = PBXBuildFile; fileRef = F6E8AF0525F82D6C00EF4BE4 /* ChangePasswordView.swift */; };
		F6E8AF0E25F82F7300EF4BE4 /* UsernameTextField.swift in Sources */ = {isa = PBXBuildFile; fileRef = F6E8AF0D25F82F7300EF4BE4 /* UsernameTextField.swift */; };
		F6E8AF1325F839AF00EF4BE4 /* PasswordTextField.swift in Sources */ = {isa = PBXBuildFile; fileRef = F6E8AF1225F839AF00EF4BE4 /* PasswordTextField.swift */; };
		F6E8AF3025F8415B00EF4BE4 /* InputVerifier.swift in Sources */ = {isa = PBXBuildFile; fileRef = F6E8AF2F25F8415B00EF4BE4 /* InputVerifier.swift */; };
		F6F9DFCD25D4CC4700B578B3 /* AppDelegate.swift in Sources */ = {isa = PBXBuildFile; fileRef = F6F9DFCC25D4CC4700B578B3 /* AppDelegate.swift */; };
		F6F9DFCF25D4CC4700B578B3 /* SceneDelegate.swift in Sources */ = {isa = PBXBuildFile; fileRef = F6F9DFCE25D4CC4700B578B3 /* SceneDelegate.swift */; };
		F6F9DFD125D4CC4700B578B3 /* ContentView.swift in Sources */ = {isa = PBXBuildFile; fileRef = F6F9DFD025D4CC4700B578B3 /* ContentView.swift */; };
		F6F9DFD325D4CC4800B578B3 /* Assets.xcassets in Resources */ = {isa = PBXBuildFile; fileRef = F6F9DFD225D4CC4800B578B3 /* Assets.xcassets */; };
		F6F9DFD625D4CC4800B578B3 /* Preview Assets.xcassets in Resources */ = {isa = PBXBuildFile; fileRef = F6F9DFD525D4CC4800B578B3 /* Preview Assets.xcassets */; };
		F6F9DFD925D4CC4800B578B3 /* LaunchScreen.storyboard in Resources */ = {isa = PBXBuildFile; fileRef = F6F9DFD725D4CC4800B578B3 /* LaunchScreen.storyboard */; };
		F6F9DFE425D4CC4800B578B3 /* SampleFitTests.swift in Sources */ = {isa = PBXBuildFile; fileRef = F6F9DFE325D4CC4800B578B3 /* SampleFitTests.swift */; };
		F6F9DFEF25D4CC4800B578B3 /* RegisterSignInUITests.swift in Sources */ = {isa = PBXBuildFile; fileRef = F6F9DFEE25D4CC4800B578B3 /* RegisterSignInUITests.swift */; };
		F6F9E00B25D4DCC200B578B3 /* UserData.swift in Sources */ = {isa = PBXBuildFile; fileRef = F6F9E00A25D4DCC200B578B3 /* UserData.swift */; };
/* End PBXBuildFile section */

/* Begin PBXContainerItemProxy section */
		F6F9DFE025D4CC4800B578B3 /* PBXContainerItemProxy */ = {
			isa = PBXContainerItemProxy;
			containerPortal = F6F9DFC125D4CC4700B578B3 /* Project object */;
			proxyType = 1;
			remoteGlobalIDString = F6F9DFC825D4CC4700B578B3;
			remoteInfo = SampleFit;
		};
		F6F9DFEB25D4CC4800B578B3 /* PBXContainerItemProxy */ = {
			isa = PBXContainerItemProxy;
			containerPortal = F6F9DFC125D4CC4700B578B3 /* Project object */;
			proxyType = 1;
			remoteGlobalIDString = F6F9DFC825D4CC4700B578B3;
			remoteInfo = SampleFit;
		};
/* End PBXContainerItemProxy section */

/* Begin PBXFileReference section */
		181A237E26054C6F008A02D2 /* RetrivePasswordView.swift */ = {isa = PBXFileReference; lastKnownFileType = sourcecode.swift; path = RetrivePasswordView.swift; sourceTree = "<group>"; };
		1845B9EE26025E0B00AD52F7 /* UploadSheetView.swift */ = {isa = PBXFileReference; lastKnownFileType = sourcecode.swift; path = UploadSheetView.swift; sourceTree = "<group>"; };
		186AB63E2613CC2D00F01BD9 /* PersonalProfileUITests.swift */ = {isa = PBXFileReference; lastKnownFileType = sourcecode.swift; path = PersonalProfileUITests.swift; sourceTree = "<group>"; };
		186AB64C2614159D00F01BD9 /* WorkoutInterface.swift */ = {isa = PBXFileReference; lastKnownFileType = sourcecode.swift; path = WorkoutInterface.swift; sourceTree = "<group>"; };
		186AB65126141BBE00F01BD9 /* PersonalInterfaceUITest.swift */ = {isa = PBXFileReference; lastKnownFileType = sourcecode.swift; path = PersonalInterfaceUITest.swift; sourceTree = "<group>"; };
		18C7E2172602EF9200D8B3F3 /* NetworkResponses.swift */ = {isa = PBXFileReference; lastKnownFileType = sourcecode.swift; path = NetworkResponses.swift; sourceTree = "<group>"; };
		18DB4EB325FAD70C005BB894 /* BrowseView.swift */ = {isa = PBXFileReference; fileEncoding = 4; lastKnownFileType = sourcecode.swift; path = BrowseView.swift; sourceTree = "<group>"; };
		18DB4EB825FAD71B005BB894 /* ExerciseCategoryRow.swift */ = {isa = PBXFileReference; fileEncoding = 4; lastKnownFileType = sourcecode.swift; path = ExerciseCategoryRow.swift; sourceTree = "<group>"; };
		18DB4EC625FAD7A8005BB894 /* WoroutBrowseView.swift */ = {isa = PBXFileReference; fileEncoding = 4; lastKnownFileType = sourcecode.swift; path = WoroutBrowseView.swift; sourceTree = "<group>"; };
		18DB4EC725FAD7A8005BB894 /* CategorySquareView.swift */ = {isa = PBXFileReference; fileEncoding = 4; lastKnownFileType = sourcecode.swift; path = CategorySquareView.swift; sourceTree = "<group>"; };
		18DB4EC825FAD7A8005BB894 /* WorkoutView.swift */ = {isa = PBXFileReference; fileEncoding = 4; lastKnownFileType = sourcecode.swift; path = WorkoutView.swift; sourceTree = "<group>"; };
		18DB4EDB25FAD801005BB894 /* AuthenticationView.swift */ = {isa = PBXFileReference; fileEncoding = 4; lastKnownFileType = sourcecode.swift; path = AuthenticationView.swift; sourceTree = "<group>"; };
		F61719FC25E88CF600C09CE9 /* FollowingUserList.swift */ = {isa = PBXFileReference; lastKnownFileType = sourcecode.swift; path = FollowingUserList.swift; sourceTree = "<group>"; };
		F6171A1F25E8B4A300C09CE9 /* WorkoutDisplayItem.swift */ = {isa = PBXFileReference; lastKnownFileType = sourcecode.swift; path = WorkoutDisplayItem.swift; sourceTree = "<group>"; };
		F6171A2425E8B4BE00C09CE9 /* Workout.swift */ = {isa = PBXFileReference; lastKnownFileType = sourcecode.swift; path = Workout.swift; sourceTree = "<group>"; };
		F61BA67325D6205D00249ED1 /* SignInStatus.swift */ = {isa = PBXFileReference; lastKnownFileType = sourcecode.swift; path = SignInStatus.swift; sourceTree = "<group>"; };
		F61BA69125D6358F00249ED1 /* HomeView.swift */ = {isa = PBXFileReference; lastKnownFileType = sourcecode.swift; path = HomeView.swift; sourceTree = "<group>"; };
		F61BA69625D639AF00249ED1 /* MultiplePreview.swift */ = {isa = PBXFileReference; lastKnownFileType = sourcecode.swift; path = MultiplePreview.swift; sourceTree = "<group>"; };
		F61BA6B325D6722200249ED1 /* Tasks.md */ = {isa = PBXFileReference; lastKnownFileType = net.daringfireball.markdown; path = Tasks.md; sourceTree = "<group>"; };
		F61BA6B725D75D5E00249ED1 /* SearchView.swift */ = {isa = PBXFileReference; lastKnownFileType = sourcecode.swift; path = SearchView.swift; sourceTree = "<group>"; };
		F61BA6C225D7795C00249ED1 /* Color+Helpers.swift */ = {isa = PBXFileReference; lastKnownFileType = sourcecode.swift; path = "Color+Helpers.swift"; sourceTree = "<group>"; };
		F631D04F25E878430002E3D1 /* MeView.swift */ = {isa = PBXFileReference; lastKnownFileType = sourcecode.swift; path = MeView.swift; sourceTree = "<group>"; };
		F6597BB825D8BCC50069EB4B /* README.md */ = {isa = PBXFileReference; lastKnownFileType = net.daringfireball.markdown; path = README.md; sourceTree = "<group>"; };
		F664175B26081671002C78C0 /* LivestreamStatusView.swift */ = {isa = PBXFileReference; lastKnownFileType = sourcecode.swift; path = LivestreamStatusView.swift; sourceTree = "<group>"; };
		F66932A325DE12F4000D9442 /* AuthenticationState.swift */ = {isa = PBXFileReference; lastKnownFileType = sourcecode.swift; path = AuthenticationState.swift; sourceTree = "<group>"; };
		F66932B025DE13A8000D9442 /* PrivateInformation.swift */ = {isa = PBXFileReference; lastKnownFileType = sourcecode.swift; path = PrivateInformation.swift; sourceTree = "<group>"; };
		F66932B525DE147F000D9442 /* NetworkQueryController.swift */ = {isa = PBXFileReference; lastKnownFileType = sourcecode.swift; path = NetworkQueryController.swift; sourceTree = "<group>"; };
		F66932BD25DE18B1000D9442 /* Exercise.swift */ = {isa = PBXFileReference; lastKnownFileType = sourcecode.swift; path = Exercise.swift; sourceTree = "<group>"; };
		F66932C525DE1A09000D9442 /* MediaLoader.swift */ = {isa = PBXFileReference; lastKnownFileType = sourcecode.swift; path = MediaLoader.swift; sourceTree = "<group>"; };
		F66932D625DF6B9C000D9442 /* PublicProfile.swift */ = {isa = PBXFileReference; lastKnownFileType = sourcecode.swift; path = PublicProfile.swift; sourceTree = "<group>"; };
		F66932F325DF749B000D9442 /* PropertyWrapper+Helpers.swift */ = {isa = PBXFileReference; fileEncoding = 4; lastKnownFileType = sourcecode.swift; path = "PropertyWrapper+Helpers.swift"; sourceTree = "<group>"; };
		F669331525DFAF29000D9442 /* PlaceholderImage.swift */ = {isa = PBXFileReference; lastKnownFileType = sourcecode.swift; path = PlaceholderImage.swift; sourceTree = "<group>"; };
		F669331A25DFB3E5000D9442 /* ExerciseDetail.swift */ = {isa = PBXFileReference; lastKnownFileType = sourcecode.swift; path = ExerciseDetail.swift; sourceTree = "<group>"; };
		F669331F25DFB75C000D9442 /* LiveIndicator.swift */ = {isa = PBXFileReference; lastKnownFileType = sourcecode.swift; path = LiveIndicator.swift; sourceTree = "<group>"; };
		F669332425E087F8000D9442 /* TokenEventController.swift */ = {isa = PBXFileReference; lastKnownFileType = sourcecode.swift; path = TokenEventController.swift; sourceTree = "<group>"; };
		F669333425E09932000D9442 /* NavigationViewWithSearchBar.swift */ = {isa = PBXFileReference; lastKnownFileType = sourcecode.swift; path = NavigationViewWithSearchBar.swift; sourceTree = "<group>"; };
		F669335025E0DAB4000D9442 /* SearchRecommendation.swift */ = {isa = PBXFileReference; lastKnownFileType = sourcecode.swift; path = SearchRecommendation.swift; sourceTree = "<group>"; };
		F669335525E0DB7E000D9442 /* SearchResult.swift */ = {isa = PBXFileReference; lastKnownFileType = sourcecode.swift; path = SearchResult.swift; sourceTree = "<group>"; };
		F669336325E0E110000D9442 /* ExerciseListDisplayItem.swift */ = {isa = PBXFileReference; lastKnownFileType = sourcecode.swift; path = ExerciseListDisplayItem.swift; sourceTree = "<group>"; };
		F669338925E10070000D9442 /* SearchState.swift */ = {isa = PBXFileReference; lastKnownFileType = sourcecode.swift; path = SearchState.swift; sourceTree = "<group>"; };
		F669339425E100D8000D9442 /* UserListDisplayItem.swift */ = {isa = PBXFileReference; lastKnownFileType = sourcecode.swift; path = UserListDisplayItem.swift; sourceTree = "<group>"; };
		F669339925E10334000D9442 /* UserDetail.swift */ = {isa = PBXFileReference; lastKnownFileType = sourcecode.swift; path = UserDetail.swift; sourceTree = "<group>"; };
		F66E6BF725F5C87F00F36D9D /* ProfileHost.swift */ = {isa = PBXFileReference; lastKnownFileType = sourcecode.swift; path = ProfileHost.swift; sourceTree = "<group>"; };
		F66E6C1D25F5E7AC00F36D9D /* UploadedExercisesList.swift */ = {isa = PBXFileReference; lastKnownFileType = sourcecode.swift; path = UploadedExercisesList.swift; sourceTree = "<group>"; };
		F66E6C2825F5EB6400F36D9D /* DisclosureIndicator.swift */ = {isa = PBXFileReference; lastKnownFileType = sourcecode.swift; path = DisclosureIndicator.swift; sourceTree = "<group>"; };
		F688EBBC25F8A800005F959A /* AuthenticationVerifiers.swift */ = {isa = PBXFileReference; lastKnownFileType = sourcecode.swift; path = AuthenticationVerifiers.swift; sourceTree = "<group>"; };
		F691AFBD25F6006F00283CE5 /* MiniProfileSummary.swift */ = {isa = PBXFileReference; lastKnownFileType = sourcecode.swift; path = MiniProfileSummary.swift; sourceTree = "<group>"; };
		F691AFC225F6095200283CE5 /* NotSetView.swift */ = {isa = PBXFileReference; lastKnownFileType = sourcecode.swift; path = NotSetView.swift; sourceTree = "<group>"; };
		F691AFC725F6097E00283CE5 /* DetailedProfileSummary.swift */ = {isa = PBXFileReference; lastKnownFileType = sourcecode.swift; path = DetailedProfileSummary.swift; sourceTree = "<group>"; };
		F691AFCC25F609C400283CE5 /* ProfileEditor.swift */ = {isa = PBXFileReference; lastKnownFileType = sourcecode.swift; path = ProfileEditor.swift; sourceTree = "<group>"; };
		F691AFE125F6FFB000283CE5 /* NicknameEditor.swift */ = {isa = PBXFileReference; lastKnownFileType = sourcecode.swift; path = NicknameEditor.swift; sourceTree = "<group>"; };
		F691AFE925F6FFE600283CE5 /* BirthdayEditor.swift */ = {isa = PBXFileReference; lastKnownFileType = sourcecode.swift; path = BirthdayEditor.swift; sourceTree = "<group>"; };
		F691AFEE25F7007000283CE5 /* HeightEditor.swift */ = {isa = PBXFileReference; lastKnownFileType = sourcecode.swift; path = HeightEditor.swift; sourceTree = "<group>"; };
		F691AFF325F7008F00283CE5 /* MassEditor.swift */ = {isa = PBXFileReference; lastKnownFileType = sourcecode.swift; path = MassEditor.swift; sourceTree = "<group>"; };
		F6A5B1172606D53300559ED8 /* VideoPicker.swift */ = {isa = PBXFileReference; lastKnownFileType = sourcecode.swift; path = VideoPicker.swift; sourceTree = "<group>"; };
		F6B1224E25F86FF600EC8AEE /* FractionalWidthView.swift */ = {isa = PBXFileReference; lastKnownFileType = sourcecode.swift; path = FractionalWidthView.swift; sourceTree = "<group>"; };
		F6C0ED27260BEEB200ED63F8 /* AccessibilityIdentifiers.swift */ = {isa = PBXFileReference; lastKnownFileType = sourcecode.swift; path = AccessibilityIdentifiers.swift; sourceTree = "<group>"; };
		F6C0ED3A260BF56300ED63F8 /* ViewModifer+Helpers.swift */ = {isa = PBXFileReference; lastKnownFileType = sourcecode.swift; path = "ViewModifer+Helpers.swift"; sourceTree = "<group>"; };
		F6C7A3BA25D5F9630023D250 /* TestView.swift */ = {isa = PBXFileReference; lastKnownFileType = sourcecode.swift; path = TestView.swift; sourceTree = "<group>"; };
		F6C7A3C725D60FE30023D250 /* InputVerificationStatus.swift */ = {isa = PBXFileReference; lastKnownFileType = sourcecode.swift; path = InputVerificationStatus.swift; sourceTree = "<group>"; };
		F6C7A3CC25D613F70023D250 /* CreateAccountView.swift */ = {isa = PBXFileReference; lastKnownFileType = sourcecode.swift; path = CreateAccountView.swift; sourceTree = "<group>"; };
		F6C7A3D125D616BC0023D250 /* SignInView.swift */ = {isa = PBXFileReference; lastKnownFileType = sourcecode.swift; path = SignInView.swift; sourceTree = "<group>"; };
		F6DC3FFA25E87EB200A1CD00 /* ExerciseSearchResultList.swift */ = {isa = PBXFileReference; lastKnownFileType = sourcecode.swift; path = ExerciseSearchResultList.swift; sourceTree = "<group>"; };
		F6DC3FFF25E87EC200A1CD00 /* UserSearchResultList.swift */ = {isa = PBXFileReference; lastKnownFileType = sourcecode.swift; path = UserSearchResultList.swift; sourceTree = "<group>"; };
		F6DC400425E87F6200A1CD00 /* FavoriteExercisesList.swift */ = {isa = PBXFileReference; lastKnownFileType = sourcecode.swift; path = FavoriteExercisesList.swift; sourceTree = "<group>"; };
		F6E3095325E4DBE400F4B7A6 /* LoadingView.swift */ = {isa = PBXFileReference; lastKnownFileType = sourcecode.swift; path = LoadingView.swift; sourceTree = "<group>"; };
		F6E3095E25E4E1C600F4B7A6 /* NoResults.swift */ = {isa = PBXFileReference; lastKnownFileType = sourcecode.swift; path = NoResults.swift; sourceTree = "<group>"; };
		F6E3096625E4F50300F4B7A6 /* BlurView.swift */ = {isa = PBXFileReference; lastKnownFileType = sourcecode.swift; path = BlurView.swift; sourceTree = "<group>"; };
		F6E3096B25E4F5FD00F4B7A6 /* LiveBlurOverlay.swift */ = {isa = PBXFileReference; lastKnownFileType = sourcecode.swift; path = LiveBlurOverlay.swift; sourceTree = "<group>"; };
		F6E3097025E635E500F4B7A6 /* FollowButton.swift */ = {isa = PBXFileReference; lastKnownFileType = sourcecode.swift; path = FollowButton.swift; sourceTree = "<group>"; };
		F6E8AEF125F74E3C00EF4BE4 /* ImagePicker.swift */ = {isa = PBXFileReference; lastKnownFileType = sourcecode.swift; path = ImagePicker.swift; sourceTree = "<group>"; };
		F6E8AEF625F75A9000EF4BE4 /* ImageEditor.swift */ = {isa = PBXFileReference; lastKnownFileType = sourcecode.swift; path = ImageEditor.swift; sourceTree = "<group>"; };
		F6E8AEFB25F75E3100EF4BE4 /* CircleImage.swift */ = {isa = PBXFileReference; lastKnownFileType = sourcecode.swift; path = CircleImage.swift; sourceTree = "<group>"; };
		F6E8AF0025F82CA800EF4BE4 /* SecurityView.swift */ = {isa = PBXFileReference; lastKnownFileType = sourcecode.swift; path = SecurityView.swift; sourceTree = "<group>"; };
		F6E8AF0525F82D6C00EF4BE4 /* ChangePasswordView.swift */ = {isa = PBXFileReference; lastKnownFileType = sourcecode.swift; path = ChangePasswordView.swift; sourceTree = "<group>"; };
		F6E8AF0D25F82F7300EF4BE4 /* UsernameTextField.swift */ = {isa = PBXFileReference; lastKnownFileType = sourcecode.swift; path = UsernameTextField.swift; sourceTree = "<group>"; };
		F6E8AF1225F839AF00EF4BE4 /* PasswordTextField.swift */ = {isa = PBXFileReference; lastKnownFileType = sourcecode.swift; path = PasswordTextField.swift; sourceTree = "<group>"; };
		F6E8AF2F25F8415B00EF4BE4 /* InputVerifier.swift */ = {isa = PBXFileReference; lastKnownFileType = sourcecode.swift; path = InputVerifier.swift; sourceTree = "<group>"; };
		F6F9DFC925D4CC4700B578B3 /* SampleFit.app */ = {isa = PBXFileReference; explicitFileType = wrapper.application; includeInIndex = 0; path = SampleFit.app; sourceTree = BUILT_PRODUCTS_DIR; };
		F6F9DFCC25D4CC4700B578B3 /* AppDelegate.swift */ = {isa = PBXFileReference; lastKnownFileType = sourcecode.swift; path = AppDelegate.swift; sourceTree = "<group>"; };
		F6F9DFCE25D4CC4700B578B3 /* SceneDelegate.swift */ = {isa = PBXFileReference; lastKnownFileType = sourcecode.swift; path = SceneDelegate.swift; sourceTree = "<group>"; };
		F6F9DFD025D4CC4700B578B3 /* ContentView.swift */ = {isa = PBXFileReference; lastKnownFileType = sourcecode.swift; path = ContentView.swift; sourceTree = "<group>"; };
		F6F9DFD225D4CC4800B578B3 /* Assets.xcassets */ = {isa = PBXFileReference; lastKnownFileType = folder.assetcatalog; path = Assets.xcassets; sourceTree = "<group>"; };
		F6F9DFD525D4CC4800B578B3 /* Preview Assets.xcassets */ = {isa = PBXFileReference; lastKnownFileType = folder.assetcatalog; path = "Preview Assets.xcassets"; sourceTree = "<group>"; };
		F6F9DFD825D4CC4800B578B3 /* Base */ = {isa = PBXFileReference; lastKnownFileType = file.storyboard; name = Base; path = Base.lproj/LaunchScreen.storyboard; sourceTree = "<group>"; };
		F6F9DFDA25D4CC4800B578B3 /* Info.plist */ = {isa = PBXFileReference; lastKnownFileType = text.plist.xml; path = Info.plist; sourceTree = "<group>"; };
		F6F9DFDF25D4CC4800B578B3 /* SampleFitTests.xctest */ = {isa = PBXFileReference; explicitFileType = wrapper.cfbundle; includeInIndex = 0; path = SampleFitTests.xctest; sourceTree = BUILT_PRODUCTS_DIR; };
		F6F9DFE325D4CC4800B578B3 /* SampleFitTests.swift */ = {isa = PBXFileReference; lastKnownFileType = sourcecode.swift; path = SampleFitTests.swift; sourceTree = "<group>"; };
		F6F9DFE525D4CC4800B578B3 /* Info.plist */ = {isa = PBXFileReference; lastKnownFileType = text.plist.xml; path = Info.plist; sourceTree = "<group>"; };
		F6F9DFEA25D4CC4800B578B3 /* SampleFitUITests.xctest */ = {isa = PBXFileReference; explicitFileType = wrapper.cfbundle; includeInIndex = 0; path = SampleFitUITests.xctest; sourceTree = BUILT_PRODUCTS_DIR; };
		F6F9DFEE25D4CC4800B578B3 /* RegisterSignInUITests.swift */ = {isa = PBXFileReference; lastKnownFileType = sourcecode.swift; path = RegisterSignInUITests.swift; sourceTree = "<group>"; };
		F6F9DFF025D4CC4800B578B3 /* Info.plist */ = {isa = PBXFileReference; lastKnownFileType = text.plist.xml; path = Info.plist; sourceTree = "<group>"; };
		F6F9E00A25D4DCC200B578B3 /* UserData.swift */ = {isa = PBXFileReference; lastKnownFileType = sourcecode.swift; path = UserData.swift; sourceTree = "<group>"; };
		F6F9E01B25D4EE0F00B578B3 /* SampleFit.entitlements */ = {isa = PBXFileReference; lastKnownFileType = text.plist.entitlements; path = SampleFit.entitlements; sourceTree = "<group>"; };
/* End PBXFileReference section */

/* Begin PBXFrameworksBuildPhase section */
		F6F9DFC625D4CC4700B578B3 /* Frameworks */ = {
			isa = PBXFrameworksBuildPhase;
			buildActionMask = 2147483647;
			files = (
			);
			runOnlyForDeploymentPostprocessing = 0;
		};
		F6F9DFDC25D4CC4800B578B3 /* Frameworks */ = {
			isa = PBXFrameworksBuildPhase;
			buildActionMask = 2147483647;
			files = (
			);
			runOnlyForDeploymentPostprocessing = 0;
		};
		F6F9DFE725D4CC4800B578B3 /* Frameworks */ = {
			isa = PBXFrameworksBuildPhase;
			buildActionMask = 2147483647;
			files = (
			);
			runOnlyForDeploymentPostprocessing = 0;
		};
/* End PBXFrameworksBuildPhase section */

/* Begin PBXGroup section */
		18DB4EC525FAD794005BB894 /* Workout */ = {
			isa = PBXGroup;
			children = (
				18DB4EC625FAD7A8005BB894 /* WoroutBrowseView.swift */,
				18DB4EC725FAD7A8005BB894 /* CategorySquareView.swift */,
				18DB4EC825FAD7A8005BB894 /* WorkoutView.swift */,
			);
			path = Workout;
			sourceTree = "<group>";
		};
		F61BA6C125D7793A00249ED1 /* Utility */ = {
			isa = PBXGroup;
			children = (
				F61BA6C225D7795C00249ED1 /* Color+Helpers.swift */,
				F66932F325DF749B000D9442 /* PropertyWrapper+Helpers.swift */,
				F6C0ED3A260BF56300ED63F8 /* ViewModifer+Helpers.swift */,
			);
			path = Utility;
			sourceTree = "<group>";
		};
		F631D05725E87D990002E3D1 /* Me */ = {
			isa = PBXGroup;
			children = (
				F631D04F25E878430002E3D1 /* MeView.swift */,
				F6E8AF0025F82CA800EF4BE4 /* SecurityView.swift */,
				F6E8AF0525F82D6C00EF4BE4 /* ChangePasswordView.swift */,
				F691AFE025F6FF9600283CE5 /* Profile */,
				F6DC400425E87F6200A1CD00 /* FavoriteExercisesList.swift */,
				F66E6C1D25F5E7AC00F36D9D /* UploadedExercisesList.swift */,
				F61719FC25E88CF600C09CE9 /* FollowingUserList.swift */,
				F6171A1F25E8B4A300C09CE9 /* WorkoutDisplayItem.swift */,
				1845B9EE26025E0B00AD52F7 /* UploadSheetView.swift */,
			);
			path = Me;
			sourceTree = "<group>";
		};
		F66932BC25DE1886000D9442 /* Controller */ = {
			isa = PBXGroup;
			children = (
				F66932B525DE147F000D9442 /* NetworkQueryController.swift */,
				F66932C525DE1A09000D9442 /* MediaLoader.swift */,
				F669332425E087F8000D9442 /* TokenEventController.swift */,
			);
			path = Controller;
			sourceTree = "<group>";
		};
		F691AFE025F6FF9600283CE5 /* Profile */ = {
			isa = PBXGroup;
			children = (
				F66E6BF725F5C87F00F36D9D /* ProfileHost.swift */,
				F691AFCC25F609C400283CE5 /* ProfileEditor.swift */,
				F6E8AEF625F75A9000EF4BE4 /* ImageEditor.swift */,
				F691AFE125F6FFB000283CE5 /* NicknameEditor.swift */,
				F691AFE925F6FFE600283CE5 /* BirthdayEditor.swift */,
				F691AFEE25F7007000283CE5 /* HeightEditor.swift */,
				F691AFF325F7008F00283CE5 /* MassEditor.swift */,
				F691AFC725F6097E00283CE5 /* DetailedProfileSummary.swift */,
				F691AFBD25F6006F00283CE5 /* MiniProfileSummary.swift */,
			);
			path = Profile;
			sourceTree = "<group>";
		};
		F6C7A3C525D60FC10023D250 /* Model */ = {
			isa = PBXGroup;
			children = (
				F66932BD25DE18B1000D9442 /* Exercise.swift */,
				F6171A2425E8B4BE00C09CE9 /* Workout.swift */,
				F6F9E00A25D4DCC200B578B3 /* UserData.swift */,
				F66932D625DF6B9C000D9442 /* PublicProfile.swift */,
				F66932B025DE13A8000D9442 /* PrivateInformation.swift */,
				F61BA67325D6205D00249ED1 /* SignInStatus.swift */,
				F66932A325DE12F4000D9442 /* AuthenticationState.swift */,
				F688EBBC25F8A800005F959A /* AuthenticationVerifiers.swift */,
				F6E8AF2F25F8415B00EF4BE4 /* InputVerifier.swift */,
				F6C7A3C725D60FE30023D250 /* InputVerificationStatus.swift */,
				F669338925E10070000D9442 /* SearchState.swift */,
				18C7E2172602EF9200D8B3F3 /* NetworkResponses.swift */,
			);
			path = Model;
			sourceTree = "<group>";
		};
		F6C7A3C625D60FC90023D250 /* View */ = {
			isa = PBXGroup;
			children = (
				F6F9DFD025D4CC4700B578B3 /* ContentView.swift */,
				F61BA69125D6358F00249ED1 /* HomeView.swift */,
				F6E3094E25E4DB3000F4B7A6 /* Authentication */,
				F6E3094B25E4DAF600F4B7A6 /* Browse */,
				18DB4EC525FAD794005BB894 /* Workout */,
				F631D05725E87D990002E3D1 /* Me */,
				F6E3094C25E4DB0900F4B7A6 /* Search */,
				F6E3094F25E4DB5100F4B7A6 /* Shared Views */,
				F6F9E01F25D4EE3D00B578B3 /* Supporting Views */,
			);
			path = View;
			sourceTree = "<group>";
		};
		F6E3094B25E4DAF600F4B7A6 /* Browse */ = {
			isa = PBXGroup;
			children = (
				18DB4EB325FAD70C005BB894 /* BrowseView.swift */,
				18DB4EB825FAD71B005BB894 /* ExerciseCategoryRow.swift */,
			);
			path = Browse;
			sourceTree = "<group>";
		};
		F6E3094C25E4DB0900F4B7A6 /* Search */ = {
			isa = PBXGroup;
			children = (
				F61BA6B725D75D5E00249ED1 /* SearchView.swift */,
				F669335025E0DAB4000D9442 /* SearchRecommendation.swift */,
				F6E3095325E4DBE400F4B7A6 /* LoadingView.swift */,
				F669335525E0DB7E000D9442 /* SearchResult.swift */,
				F6DC3FFA25E87EB200A1CD00 /* ExerciseSearchResultList.swift */,
				F6DC3FFF25E87EC200A1CD00 /* UserSearchResultList.swift */,
			);
			path = Search;
			sourceTree = "<group>";
		};
		F6E3094E25E4DB3000F4B7A6 /* Authentication */ = {
			isa = PBXGroup;
			children = (
				18DB4EDB25FAD801005BB894 /* AuthenticationView.swift */,
				F6C7A3D125D616BC0023D250 /* SignInView.swift */,
				F6C7A3CC25D613F70023D250 /* CreateAccountView.swift */,
				F6E8AF0D25F82F7300EF4BE4 /* UsernameTextField.swift */,
				F6E8AF1225F839AF00EF4BE4 /* PasswordTextField.swift */,
				181A237E26054C6F008A02D2 /* RetrivePasswordView.swift */,
			);
			path = Authentication;
			sourceTree = "<group>";
		};
		F6E3094F25E4DB5100F4B7A6 /* Shared Views */ = {
			isa = PBXGroup;
			children = (
				F669336325E0E110000D9442 /* ExerciseListDisplayItem.swift */,
				F669339425E100D8000D9442 /* UserListDisplayItem.swift */,
				F669331A25DFB3E5000D9442 /* ExerciseDetail.swift */,
				F669339925E10334000D9442 /* UserDetail.swift */,
				F6E3095E25E4E1C600F4B7A6 /* NoResults.swift */,
				F6E3097025E635E500F4B7A6 /* FollowButton.swift */,
				F664175B26081671002C78C0 /* LivestreamStatusView.swift */,
			);
			path = "Shared Views";
			sourceTree = "<group>";
		};
		F6F9DFC025D4CC4700B578B3 = {
			isa = PBXGroup;
			children = (
				F6597BB825D8BCC50069EB4B /* README.md */,
				F6F9DFCB25D4CC4700B578B3 /* SampleFit */,
				F6F9DFE225D4CC4800B578B3 /* SampleFitTests */,
				F6F9DFED25D4CC4800B578B3 /* SampleFitUITests */,
				F6F9DFCA25D4CC4700B578B3 /* Products */,
			);
			sourceTree = "<group>";
		};
		F6F9DFCA25D4CC4700B578B3 /* Products */ = {
			isa = PBXGroup;
			children = (
				F6F9DFC925D4CC4700B578B3 /* SampleFit.app */,
				F6F9DFDF25D4CC4800B578B3 /* SampleFitTests.xctest */,
				F6F9DFEA25D4CC4800B578B3 /* SampleFitUITests.xctest */,
			);
			name = Products;
			sourceTree = "<group>";
		};
		F6F9DFCB25D4CC4700B578B3 /* SampleFit */ = {
			isa = PBXGroup;
			children = (
				F6F9E01B25D4EE0F00B578B3 /* SampleFit.entitlements */,
				F61BA6B325D6722200249ED1 /* Tasks.md */,
				F6F9DFCC25D4CC4700B578B3 /* AppDelegate.swift */,
				F6F9DFCE25D4CC4700B578B3 /* SceneDelegate.swift */,
				F6C0ED27260BEEB200ED63F8 /* AccessibilityIdentifiers.swift */,
				F6C7A3C525D60FC10023D250 /* Model */,
				F6C7A3C625D60FC90023D250 /* View */,
				F66932BC25DE1886000D9442 /* Controller */,
				F61BA6C125D7793A00249ED1 /* Utility */,
				F6F9DFD225D4CC4800B578B3 /* Assets.xcassets */,
				F6F9DFD725D4CC4800B578B3 /* LaunchScreen.storyboard */,
				F6F9DFDA25D4CC4800B578B3 /* Info.plist */,
				F6F9DFD425D4CC4800B578B3 /* Preview Content */,
			);
			path = SampleFit;
			sourceTree = "<group>";
		};
		F6F9DFD425D4CC4800B578B3 /* Preview Content */ = {
			isa = PBXGroup;
			children = (
				F6F9DFD525D4CC4800B578B3 /* Preview Assets.xcassets */,
			);
			path = "Preview Content";
			sourceTree = "<group>";
		};
		F6F9DFE225D4CC4800B578B3 /* SampleFitTests */ = {
			isa = PBXGroup;
			children = (
				F6F9DFE325D4CC4800B578B3 /* SampleFitTests.swift */,
				F6F9DFE525D4CC4800B578B3 /* Info.plist */,
			);
			path = SampleFitTests;
			sourceTree = "<group>";
		};
		F6F9DFED25D4CC4800B578B3 /* SampleFitUITests */ = {
			isa = PBXGroup;
			children = (
				186AB64C2614159D00F01BD9 /* WorkoutInterface.swift */,
				F6F9DFEE25D4CC4800B578B3 /* RegisterSignInUITests.swift */,
				186AB63E2613CC2D00F01BD9 /* PersonalProfileUITests.swift */,
				F6F9DFF025D4CC4800B578B3 /* Info.plist */,
				186AB65126141BBE00F01BD9 /* PersonalInterfaceUITest.swift */,
			);
			path = SampleFitUITests;
			sourceTree = "<group>";
		};
		F6F9E01F25D4EE3D00B578B3 /* Supporting Views */ = {
			isa = PBXGroup;
			children = (
				F6C7A3BA25D5F9630023D250 /* TestView.swift */,
				F6E3096625E4F50300F4B7A6 /* BlurView.swift */,
				F61BA69625D639AF00249ED1 /* MultiplePreview.swift */,
				F669331525DFAF29000D9442 /* PlaceholderImage.swift */,
				F669331F25DFB75C000D9442 /* LiveIndicator.swift */,
				F669333425E09932000D9442 /* NavigationViewWithSearchBar.swift */,
				F6E3096B25E4F5FD00F4B7A6 /* LiveBlurOverlay.swift */,
				F66E6C2825F5EB6400F36D9D /* DisclosureIndicator.swift */,
				F691AFC225F6095200283CE5 /* NotSetView.swift */,
				F6E8AEF125F74E3C00EF4BE4 /* ImagePicker.swift */,
				F6A5B1172606D53300559ED8 /* VideoPicker.swift */,
				F6E8AEFB25F75E3100EF4BE4 /* CircleImage.swift */,
				F6B1224E25F86FF600EC8AEE /* FractionalWidthView.swift */,
			);
			path = "Supporting Views";
			sourceTree = "<group>";
		};
/* End PBXGroup section */

/* Begin PBXNativeTarget section */
		F6F9DFC825D4CC4700B578B3 /* SampleFit */ = {
			isa = PBXNativeTarget;
			buildConfigurationList = F6F9DFF325D4CC4800B578B3 /* Build configuration list for PBXNativeTarget "SampleFit" */;
			buildPhases = (
				F6F9DFC525D4CC4700B578B3 /* Sources */,
				F6F9DFC625D4CC4700B578B3 /* Frameworks */,
				F6F9DFC725D4CC4700B578B3 /* Resources */,
			);
			buildRules = (
			);
			dependencies = (
			);
			name = SampleFit;
			productName = SampleFit;
			productReference = F6F9DFC925D4CC4700B578B3 /* SampleFit.app */;
			productType = "com.apple.product-type.application";
		};
		F6F9DFDE25D4CC4800B578B3 /* SampleFitTests */ = {
			isa = PBXNativeTarget;
			buildConfigurationList = F6F9DFF625D4CC4800B578B3 /* Build configuration list for PBXNativeTarget "SampleFitTests" */;
			buildPhases = (
				F6F9DFDB25D4CC4800B578B3 /* Sources */,
				F6F9DFDC25D4CC4800B578B3 /* Frameworks */,
				F6F9DFDD25D4CC4800B578B3 /* Resources */,
			);
			buildRules = (
			);
			dependencies = (
				F6F9DFE125D4CC4800B578B3 /* PBXTargetDependency */,
			);
			name = SampleFitTests;
			productName = SampleFitTests;
			productReference = F6F9DFDF25D4CC4800B578B3 /* SampleFitTests.xctest */;
			productType = "com.apple.product-type.bundle.unit-test";
		};
		F6F9DFE925D4CC4800B578B3 /* SampleFitUITests */ = {
			isa = PBXNativeTarget;
			buildConfigurationList = F6F9DFF925D4CC4800B578B3 /* Build configuration list for PBXNativeTarget "SampleFitUITests" */;
			buildPhases = (
				F6F9DFE625D4CC4800B578B3 /* Sources */,
				F6F9DFE725D4CC4800B578B3 /* Frameworks */,
				F6F9DFE825D4CC4800B578B3 /* Resources */,
			);
			buildRules = (
			);
			dependencies = (
				F6F9DFEC25D4CC4800B578B3 /* PBXTargetDependency */,
			);
			name = SampleFitUITests;
			productName = SampleFitUITests;
			productReference = F6F9DFEA25D4CC4800B578B3 /* SampleFitUITests.xctest */;
			productType = "com.apple.product-type.bundle.ui-testing";
		};
/* End PBXNativeTarget section */

/* Begin PBXProject section */
		F6F9DFC125D4CC4700B578B3 /* Project object */ = {
			isa = PBXProject;
			attributes = {
				LastSwiftUpdateCheck = 1240;
				LastUpgradeCheck = 1240;
				TargetAttributes = {
					F6F9DFC825D4CC4700B578B3 = {
						CreatedOnToolsVersion = 12.4;
					};
					F6F9DFDE25D4CC4800B578B3 = {
						CreatedOnToolsVersion = 12.4;
						TestTargetID = F6F9DFC825D4CC4700B578B3;
					};
					F6F9DFE925D4CC4800B578B3 = {
						CreatedOnToolsVersion = 12.4;
						TestTargetID = F6F9DFC825D4CC4700B578B3;
					};
				};
			};
			buildConfigurationList = F6F9DFC425D4CC4700B578B3 /* Build configuration list for PBXProject "SampleFit" */;
			compatibilityVersion = "Xcode 9.3";
			developmentRegion = en;
			hasScannedForEncodings = 0;
			knownRegions = (
				en,
				Base,
			);
			mainGroup = F6F9DFC025D4CC4700B578B3;
			productRefGroup = F6F9DFCA25D4CC4700B578B3 /* Products */;
			projectDirPath = "";
			projectRoot = "";
			targets = (
				F6F9DFC825D4CC4700B578B3 /* SampleFit */,
				F6F9DFDE25D4CC4800B578B3 /* SampleFitTests */,
				F6F9DFE925D4CC4800B578B3 /* SampleFitUITests */,
			);
		};
/* End PBXProject section */

/* Begin PBXResourcesBuildPhase section */
		F6F9DFC725D4CC4700B578B3 /* Resources */ = {
			isa = PBXResourcesBuildPhase;
			buildActionMask = 2147483647;
			files = (
				F6F9DFD925D4CC4800B578B3 /* LaunchScreen.storyboard in Resources */,
				F6F9DFD625D4CC4800B578B3 /* Preview Assets.xcassets in Resources */,
				F6F9DFD325D4CC4800B578B3 /* Assets.xcassets in Resources */,
			);
			runOnlyForDeploymentPostprocessing = 0;
		};
		F6F9DFDD25D4CC4800B578B3 /* Resources */ = {
			isa = PBXResourcesBuildPhase;
			buildActionMask = 2147483647;
			files = (
			);
			runOnlyForDeploymentPostprocessing = 0;
		};
		F6F9DFE825D4CC4800B578B3 /* Resources */ = {
			isa = PBXResourcesBuildPhase;
			buildActionMask = 2147483647;
			files = (
			);
			runOnlyForDeploymentPostprocessing = 0;
		};
/* End PBXResourcesBuildPhase section */

/* Begin PBXSourcesBuildPhase section */
		F6F9DFC525D4CC4700B578B3 /* Sources */ = {
			isa = PBXSourcesBuildPhase;
			buildActionMask = 2147483647;
			files = (
				F691AFE225F6FFB000283CE5 /* NicknameEditor.swift in Sources */,
				F669335125E0DAB4000D9442 /* SearchRecommendation.swift in Sources */,
				F6E8AEF225F74E3C00EF4BE4 /* ImagePicker.swift in Sources */,
				F6C7A3D225D616BC0023D250 /* SignInView.swift in Sources */,
				F66932D725DF6B9C000D9442 /* PublicProfile.swift in Sources */,
				F669331625DFAF29000D9442 /* PlaceholderImage.swift in Sources */,
				18DB4EC925FAD7A8005BB894 /* WoroutBrowseView.swift in Sources */,
				F66932B625DE147F000D9442 /* NetworkQueryController.swift in Sources */,
				F6E3096C25E4F5FD00F4B7A6 /* LiveBlurOverlay.swift in Sources */,
				F61719FD25E88CF600C09CE9 /* FollowingUserList.swift in Sources */,
				F66932A425DE12F4000D9442 /* AuthenticationState.swift in Sources */,
				F6171A2025E8B4A300C09CE9 /* WorkoutDisplayItem.swift in Sources */,
				F6C7A3BB25D5F9630023D250 /* TestView.swift in Sources */,
				F6E3095F25E4E1C600F4B7A6 /* NoResults.swift in Sources */,
				18DB4ECB25FAD7A8005BB894 /* WorkoutView.swift in Sources */,
				F669339A25E10334000D9442 /* UserDetail.swift in Sources */,
				F6F9DFCD25D4CC4700B578B3 /* AppDelegate.swift in Sources */,
				F61BA69725D639AF00249ED1 /* MultiplePreview.swift in Sources */,
				F66932F425DF749B000D9442 /* PropertyWrapper+Helpers.swift in Sources */,
				F66E6C1E25F5E7AC00F36D9D /* UploadedExercisesList.swift in Sources */,
				F631D05025E878430002E3D1 /* MeView.swift in Sources */,
				F6F9DFCF25D4CC4700B578B3 /* SceneDelegate.swift in Sources */,
				F6E8AF0625F82D6C00EF4BE4 /* ChangePasswordView.swift in Sources */,
				F6DC3FFB25E87EB200A1CD00 /* ExerciseSearchResultList.swift in Sources */,
				F61BA6B825D75D5E00249ED1 /* SearchView.swift in Sources */,
				F6A5B1182606D53300559ED8 /* VideoPicker.swift in Sources */,
				F669339525E100D8000D9442 /* UserListDisplayItem.swift in Sources */,
				F669332025DFB75C000D9442 /* LiveIndicator.swift in Sources */,
				F66E6C2925F5EB6400F36D9D /* DisclosureIndicator.swift in Sources */,
				F6DC400525E87F6200A1CD00 /* FavoriteExercisesList.swift in Sources */,
				F691AFCD25F609C400283CE5 /* ProfileEditor.swift in Sources */,
				F61BA6C325D7795C00249ED1 /* Color+Helpers.swift in Sources */,
				F691AFEA25F6FFE600283CE5 /* BirthdayEditor.swift in Sources */,
				F66E6BF825F5C87F00F36D9D /* ProfileHost.swift in Sources */,
				F6C7A3CD25D613F70023D250 /* CreateAccountView.swift in Sources */,
				F6C0ED28260BEEB200ED63F8 /* AccessibilityIdentifiers.swift in Sources */,
				18DB4EDC25FAD801005BB894 /* AuthenticationView.swift in Sources */,
				F6F9E00B25D4DCC200B578B3 /* UserData.swift in Sources */,
				18DB4ECA25FAD7A8005BB894 /* CategorySquareView.swift in Sources */,
				F61BA67425D6205D00249ED1 /* SignInStatus.swift in Sources */,
				F6E3097125E635E500F4B7A6 /* FollowButton.swift in Sources */,
				F691AFC825F6097E00283CE5 /* DetailedProfileSummary.swift in Sources */,
				F691AFBE25F6006F00283CE5 /* MiniProfileSummary.swift in Sources */,
				F6E8AF0E25F82F7300EF4BE4 /* UsernameTextField.swift in Sources */,
				1845B9EF26025E0B00AD52F7 /* UploadSheetView.swift in Sources */,
				F669335625E0DB7E000D9442 /* SearchResult.swift in Sources */,
				F61BA69225D6358F00249ED1 /* HomeView.swift in Sources */,
				F6E8AF3025F8415B00EF4BE4 /* InputVerifier.swift in Sources */,
				F669332525E087F8000D9442 /* TokenEventController.swift in Sources */,
				18DB4EB925FAD71B005BB894 /* ExerciseCategoryRow.swift in Sources */,
				F6E8AF0125F82CA800EF4BE4 /* SecurityView.swift in Sources */,
				F669333525E09932000D9442 /* NavigationViewWithSearchBar.swift in Sources */,
				F691AFEF25F7007000283CE5 /* HeightEditor.swift in Sources */,
				F688EBBD25F8A800005F959A /* AuthenticationVerifiers.swift in Sources */,
				F669331B25DFB3E5000D9442 /* ExerciseDetail.swift in Sources */,
				F6C0ED3B260BF56300ED63F8 /* ViewModifer+Helpers.swift in Sources */,
				F669338A25E10070000D9442 /* SearchState.swift in Sources */,
				F66932C625DE1A09000D9442 /* MediaLoader.swift in Sources */,
				F66932BE25DE18B1000D9442 /* Exercise.swift in Sources */,
				F6E3095425E4DBE400F4B7A6 /* LoadingView.swift in Sources */,
				F664175C26081671002C78C0 /* LivestreamStatusView.swift in Sources */,
				F6E8AF1325F839AF00EF4BE4 /* PasswordTextField.swift in Sources */,
				F6DC400025E87EC200A1CD00 /* UserSearchResultList.swift in Sources */,
				18DB4EB425FAD70C005BB894 /* BrowseView.swift in Sources */,
				F691AFF425F7008F00283CE5 /* MassEditor.swift in Sources */,
				F6171A2525E8B4BE00C09CE9 /* Workout.swift in Sources */,
				F6F9DFD125D4CC4700B578B3 /* ContentView.swift in Sources */,
				F6E8AEF725F75A9000EF4BE4 /* ImageEditor.swift in Sources */,
				F6B1224F25F86FF600EC8AEE /* FractionalWidthView.swift in Sources */,
				F6E3096725E4F50300F4B7A6 /* BlurView.swift in Sources */,
				F669336425E0E110000D9442 /* ExerciseListDisplayItem.swift in Sources */,
				F6C7A3C825D60FE30023D250 /* InputVerificationStatus.swift in Sources */,
				F66932B125DE13A8000D9442 /* PrivateInformation.swift in Sources */,
				181A237F26054C6F008A02D2 /* RetrivePasswordView.swift in Sources */,
				18C7E2182602EF9200D8B3F3 /* NetworkResponses.swift in Sources */,
				F6E8AEFC25F75E3100EF4BE4 /* CircleImage.swift in Sources */,
				F691AFC325F6095200283CE5 /* NotSetView.swift in Sources */,
			);
			runOnlyForDeploymentPostprocessing = 0;
		};
		F6F9DFDB25D4CC4800B578B3 /* Sources */ = {
			isa = PBXSourcesBuildPhase;
			buildActionMask = 2147483647;
			files = (
				F6F9DFE425D4CC4800B578B3 /* SampleFitTests.swift in Sources */,
				F6C0ED36260BF49200ED63F8 /* AccessibilityIdentifiers.swift in Sources */,
			);
			runOnlyForDeploymentPostprocessing = 0;
		};
		F6F9DFE625D4CC4800B578B3 /* Sources */ = {
			isa = PBXSourcesBuildPhase;
			buildActionMask = 2147483647;
			files = (
				F6F9DFEF25D4CC4800B578B3 /* RegisterSignInUITests.swift in Sources */,
				186AB65226141BBE00F01BD9 /* PersonalInterfaceUITest.swift in Sources */,
				186AB64D2614159D00F01BD9 /* WorkoutInterface.swift in Sources */,
				186AB63F2613CC2D00F01BD9 /* PersonalProfileUITests.swift in Sources */,
				F6C0ED32260BF49200ED63F8 /* AccessibilityIdentifiers.swift in Sources */,
			);
			runOnlyForDeploymentPostprocessing = 0;
		};
/* End PBXSourcesBuildPhase section */

/* Begin PBXTargetDependency section */
		F6F9DFE125D4CC4800B578B3 /* PBXTargetDependency */ = {
			isa = PBXTargetDependency;
			target = F6F9DFC825D4CC4700B578B3 /* SampleFit */;
			targetProxy = F6F9DFE025D4CC4800B578B3 /* PBXContainerItemProxy */;
		};
		F6F9DFEC25D4CC4800B578B3 /* PBXTargetDependency */ = {
			isa = PBXTargetDependency;
			target = F6F9DFC825D4CC4700B578B3 /* SampleFit */;
			targetProxy = F6F9DFEB25D4CC4800B578B3 /* PBXContainerItemProxy */;
		};
/* End PBXTargetDependency section */

/* Begin PBXVariantGroup section */
		F6F9DFD725D4CC4800B578B3 /* LaunchScreen.storyboard */ = {
			isa = PBXVariantGroup;
			children = (
				F6F9DFD825D4CC4800B578B3 /* Base */,
			);
			name = LaunchScreen.storyboard;
			sourceTree = "<group>";
		};
/* End PBXVariantGroup section */

/* Begin XCBuildConfiguration section */
		F6F9DFF125D4CC4800B578B3 /* Debug */ = {
			isa = XCBuildConfiguration;
			buildSettings = {
				ALWAYS_SEARCH_USER_PATHS = NO;
				CLANG_ANALYZER_NONNULL = YES;
				CLANG_ANALYZER_NUMBER_OBJECT_CONVERSION = YES_AGGRESSIVE;
				CLANG_CXX_LANGUAGE_STANDARD = "gnu++14";
				CLANG_CXX_LIBRARY = "libc++";
				CLANG_ENABLE_MODULES = YES;
				CLANG_ENABLE_OBJC_ARC = YES;
				CLANG_ENABLE_OBJC_WEAK = YES;
				CLANG_WARN_BLOCK_CAPTURE_AUTORELEASING = YES;
				CLANG_WARN_BOOL_CONVERSION = YES;
				CLANG_WARN_COMMA = YES;
				CLANG_WARN_CONSTANT_CONVERSION = YES;
				CLANG_WARN_DEPRECATED_OBJC_IMPLEMENTATIONS = YES;
				CLANG_WARN_DIRECT_OBJC_ISA_USAGE = YES_ERROR;
				CLANG_WARN_DOCUMENTATION_COMMENTS = YES;
				CLANG_WARN_EMPTY_BODY = YES;
				CLANG_WARN_ENUM_CONVERSION = YES;
				CLANG_WARN_INFINITE_RECURSION = YES;
				CLANG_WARN_INT_CONVERSION = YES;
				CLANG_WARN_NON_LITERAL_NULL_CONVERSION = YES;
				CLANG_WARN_OBJC_IMPLICIT_RETAIN_SELF = YES;
				CLANG_WARN_OBJC_LITERAL_CONVERSION = YES;
				CLANG_WARN_OBJC_ROOT_CLASS = YES_ERROR;
				CLANG_WARN_QUOTED_INCLUDE_IN_FRAMEWORK_HEADER = YES;
				CLANG_WARN_RANGE_LOOP_ANALYSIS = YES;
				CLANG_WARN_STRICT_PROTOTYPES = YES;
				CLANG_WARN_SUSPICIOUS_MOVE = YES;
				CLANG_WARN_UNGUARDED_AVAILABILITY = YES_AGGRESSIVE;
				CLANG_WARN_UNREACHABLE_CODE = YES;
				CLANG_WARN__DUPLICATE_METHOD_MATCH = YES;
				COPY_PHASE_STRIP = NO;
				DEBUG_INFORMATION_FORMAT = dwarf;
				ENABLE_STRICT_OBJC_MSGSEND = YES;
				ENABLE_TESTABILITY = YES;
				GCC_C_LANGUAGE_STANDARD = gnu11;
				GCC_DYNAMIC_NO_PIC = NO;
				GCC_NO_COMMON_BLOCKS = YES;
				GCC_OPTIMIZATION_LEVEL = 0;
				GCC_PREPROCESSOR_DEFINITIONS = (
					"DEBUG=1",
					"$(inherited)",
				);
				GCC_WARN_64_TO_32_BIT_CONVERSION = YES;
				GCC_WARN_ABOUT_RETURN_TYPE = YES_ERROR;
				GCC_WARN_UNDECLARED_SELECTOR = YES;
				GCC_WARN_UNINITIALIZED_AUTOS = YES_AGGRESSIVE;
				GCC_WARN_UNUSED_FUNCTION = YES;
				GCC_WARN_UNUSED_VARIABLE = YES;
				IPHONEOS_DEPLOYMENT_TARGET = 14.4;
				MTL_ENABLE_DEBUG_INFO = INCLUDE_SOURCE;
				MTL_FAST_MATH = YES;
				ONLY_ACTIVE_ARCH = YES;
				SDKROOT = iphoneos;
				SWIFT_ACTIVE_COMPILATION_CONDITIONS = DEBUG;
				SWIFT_OPTIMIZATION_LEVEL = "-Onone";
			};
			name = Debug;
		};
		F6F9DFF225D4CC4800B578B3 /* Release */ = {
			isa = XCBuildConfiguration;
			buildSettings = {
				ALWAYS_SEARCH_USER_PATHS = NO;
				CLANG_ANALYZER_NONNULL = YES;
				CLANG_ANALYZER_NUMBER_OBJECT_CONVERSION = YES_AGGRESSIVE;
				CLANG_CXX_LANGUAGE_STANDARD = "gnu++14";
				CLANG_CXX_LIBRARY = "libc++";
				CLANG_ENABLE_MODULES = YES;
				CLANG_ENABLE_OBJC_ARC = YES;
				CLANG_ENABLE_OBJC_WEAK = YES;
				CLANG_WARN_BLOCK_CAPTURE_AUTORELEASING = YES;
				CLANG_WARN_BOOL_CONVERSION = YES;
				CLANG_WARN_COMMA = YES;
				CLANG_WARN_CONSTANT_CONVERSION = YES;
				CLANG_WARN_DEPRECATED_OBJC_IMPLEMENTATIONS = YES;
				CLANG_WARN_DIRECT_OBJC_ISA_USAGE = YES_ERROR;
				CLANG_WARN_DOCUMENTATION_COMMENTS = YES;
				CLANG_WARN_EMPTY_BODY = YES;
				CLANG_WARN_ENUM_CONVERSION = YES;
				CLANG_WARN_INFINITE_RECURSION = YES;
				CLANG_WARN_INT_CONVERSION = YES;
				CLANG_WARN_NON_LITERAL_NULL_CONVERSION = YES;
				CLANG_WARN_OBJC_IMPLICIT_RETAIN_SELF = YES;
				CLANG_WARN_OBJC_LITERAL_CONVERSION = YES;
				CLANG_WARN_OBJC_ROOT_CLASS = YES_ERROR;
				CLANG_WARN_QUOTED_INCLUDE_IN_FRAMEWORK_HEADER = YES;
				CLANG_WARN_RANGE_LOOP_ANALYSIS = YES;
				CLANG_WARN_STRICT_PROTOTYPES = YES;
				CLANG_WARN_SUSPICIOUS_MOVE = YES;
				CLANG_WARN_UNGUARDED_AVAILABILITY = YES_AGGRESSIVE;
				CLANG_WARN_UNREACHABLE_CODE = YES;
				CLANG_WARN__DUPLICATE_METHOD_MATCH = YES;
				COPY_PHASE_STRIP = NO;
				DEBUG_INFORMATION_FORMAT = "dwarf-with-dsym";
				ENABLE_NS_ASSERTIONS = NO;
				ENABLE_STRICT_OBJC_MSGSEND = YES;
				GCC_C_LANGUAGE_STANDARD = gnu11;
				GCC_NO_COMMON_BLOCKS = YES;
				GCC_WARN_64_TO_32_BIT_CONVERSION = YES;
				GCC_WARN_ABOUT_RETURN_TYPE = YES_ERROR;
				GCC_WARN_UNDECLARED_SELECTOR = YES;
				GCC_WARN_UNINITIALIZED_AUTOS = YES_AGGRESSIVE;
				GCC_WARN_UNUSED_FUNCTION = YES;
				GCC_WARN_UNUSED_VARIABLE = YES;
				IPHONEOS_DEPLOYMENT_TARGET = 14.4;
				MTL_ENABLE_DEBUG_INFO = NO;
				MTL_FAST_MATH = YES;
				SDKROOT = iphoneos;
				SWIFT_COMPILATION_MODE = wholemodule;
				SWIFT_OPTIMIZATION_LEVEL = "-O";
				VALIDATE_PRODUCT = YES;
			};
			name = Release;
		};
		F6F9DFF425D4CC4800B578B3 /* Debug */ = {
			isa = XCBuildConfiguration;
			buildSettings = {
				ASSETCATALOG_COMPILER_APPICON_NAME = AppIcon;
				ASSETCATALOG_COMPILER_GLOBAL_ACCENT_COLOR_NAME = AccentColor;
				CODE_SIGN_ENTITLEMENTS = SampleFit/SampleFit.entitlements;
				CODE_SIGN_STYLE = Automatic;
				DEVELOPMENT_ASSET_PATHS = "\"SampleFit/Preview Content\"";
				DEVELOPMENT_TEAM = CJYVMFG9D9;
				ENABLE_PREVIEWS = YES;
				INFOPLIST_FILE = SampleFit/Info.plist;
				LD_RUNPATH_SEARCH_PATHS = (
					"$(inherited)",
					"@executable_path/Frameworks",
				);
				PRODUCT_BUNDLE_IDENTIFIER = com.qzhann.SampleFit;
				PRODUCT_NAME = "$(TARGET_NAME)";
				SWIFT_VERSION = 5.0;
				TARGETED_DEVICE_FAMILY = "1,2";
			};
			name = Debug;
		};
		F6F9DFF525D4CC4800B578B3 /* Release */ = {
			isa = XCBuildConfiguration;
			buildSettings = {
				ASSETCATALOG_COMPILER_APPICON_NAME = AppIcon;
				ASSETCATALOG_COMPILER_GLOBAL_ACCENT_COLOR_NAME = AccentColor;
				CODE_SIGN_ENTITLEMENTS = SampleFit/SampleFit.entitlements;
				CODE_SIGN_STYLE = Automatic;
				DEVELOPMENT_ASSET_PATHS = "\"SampleFit/Preview Content\"";
				DEVELOPMENT_TEAM = CJYVMFG9D9;
				ENABLE_PREVIEWS = YES;
				INFOPLIST_FILE = SampleFit/Info.plist;
				LD_RUNPATH_SEARCH_PATHS = (
					"$(inherited)",
					"@executable_path/Frameworks",
				);
				PRODUCT_BUNDLE_IDENTIFIER = com.qzhann.SampleFit;
				PRODUCT_NAME = "$(TARGET_NAME)";
				SWIFT_VERSION = 5.0;
				TARGETED_DEVICE_FAMILY = "1,2";
			};
			name = Release;
		};
		F6F9DFF725D4CC4800B578B3 /* Debug */ = {
			isa = XCBuildConfiguration;
			buildSettings = {
				ALWAYS_EMBED_SWIFT_STANDARD_LIBRARIES = YES;
				BUNDLE_LOADER = "$(TEST_HOST)";
				CODE_SIGN_STYLE = Automatic;
				DEVELOPMENT_TEAM = CJYVMFG9D9;
				INFOPLIST_FILE = SampleFitTests/Info.plist;
				IPHONEOS_DEPLOYMENT_TARGET = 14.4;
				LD_RUNPATH_SEARCH_PATHS = (
					"$(inherited)",
					"@executable_path/Frameworks",
					"@loader_path/Frameworks",
				);
				PRODUCT_BUNDLE_IDENTIFIER = com.qzhann.SampleFitTests;
				PRODUCT_NAME = "$(TARGET_NAME)";
				SWIFT_VERSION = 5.0;
				TARGETED_DEVICE_FAMILY = "1,2";
				TEST_HOST = "$(BUILT_PRODUCTS_DIR)/SampleFit.app/SampleFit";
			};
			name = Debug;
		};
		F6F9DFF825D4CC4800B578B3 /* Release */ = {
			isa = XCBuildConfiguration;
			buildSettings = {
				ALWAYS_EMBED_SWIFT_STANDARD_LIBRARIES = YES;
				BUNDLE_LOADER = "$(TEST_HOST)";
				CODE_SIGN_STYLE = Automatic;
				DEVELOPMENT_TEAM = CJYVMFG9D9;
				INFOPLIST_FILE = SampleFitTests/Info.plist;
				IPHONEOS_DEPLOYMENT_TARGET = 14.4;
				LD_RUNPATH_SEARCH_PATHS = (
					"$(inherited)",
					"@executable_path/Frameworks",
					"@loader_path/Frameworks",
				);
				PRODUCT_BUNDLE_IDENTIFIER = com.qzhann.SampleFitTests;
				PRODUCT_NAME = "$(TARGET_NAME)";
				SWIFT_VERSION = 5.0;
				TARGETED_DEVICE_FAMILY = "1,2";
				TEST_HOST = "$(BUILT_PRODUCTS_DIR)/SampleFit.app/SampleFit";
			};
			name = Release;
		};
		F6F9DFFA25D4CC4800B578B3 /* Debug */ = {
			isa = XCBuildConfiguration;
			buildSettings = {
				ALWAYS_EMBED_SWIFT_STANDARD_LIBRARIES = YES;
				CODE_SIGN_STYLE = Automatic;
				DEVELOPMENT_TEAM = CJYVMFG9D9;
				INFOPLIST_FILE = SampleFitUITests/Info.plist;
				LD_RUNPATH_SEARCH_PATHS = (
					"$(inherited)",
					"@executable_path/Frameworks",
					"@loader_path/Frameworks",
				);
				PRODUCT_BUNDLE_IDENTIFIER = com.qzhann.SampleFitUITests;
				PRODUCT_NAME = "$(TARGET_NAME)";
				SWIFT_VERSION = 5.0;
				TARGETED_DEVICE_FAMILY = "1,2";
				TEST_TARGET_NAME = SampleFit;
			};
			name = Debug;
		};
		F6F9DFFB25D4CC4800B578B3 /* Release */ = {
			isa = XCBuildConfiguration;
			buildSettings = {
				ALWAYS_EMBED_SWIFT_STANDARD_LIBRARIES = YES;
				CODE_SIGN_STYLE = Automatic;
				DEVELOPMENT_TEAM = CJYVMFG9D9;
				INFOPLIST_FILE = SampleFitUITests/Info.plist;
				LD_RUNPATH_SEARCH_PATHS = (
					"$(inherited)",
					"@executable_path/Frameworks",
					"@loader_path/Frameworks",
				);
				PRODUCT_BUNDLE_IDENTIFIER = com.qzhann.SampleFitUITests;
				PRODUCT_NAME = "$(TARGET_NAME)";
				SWIFT_VERSION = 5.0;
				TARGETED_DEVICE_FAMILY = "1,2";
				TEST_TARGET_NAME = SampleFit;
			};
			name = Release;
		};
/* End XCBuildConfiguration section */

/* Begin XCConfigurationList section */
		F6F9DFC425D4CC4700B578B3 /* Build configuration list for PBXProject "SampleFit" */ = {
			isa = XCConfigurationList;
			buildConfigurations = (
				F6F9DFF125D4CC4800B578B3 /* Debug */,
				F6F9DFF225D4CC4800B578B3 /* Release */,
			);
			defaultConfigurationIsVisible = 0;
			defaultConfigurationName = Release;
		};
		F6F9DFF325D4CC4800B578B3 /* Build configuration list for PBXNativeTarget "SampleFit" */ = {
			isa = XCConfigurationList;
			buildConfigurations = (
				F6F9DFF425D4CC4800B578B3 /* Debug */,
				F6F9DFF525D4CC4800B578B3 /* Release */,
			);
			defaultConfigurationIsVisible = 0;
			defaultConfigurationName = Release;
		};
		F6F9DFF625D4CC4800B578B3 /* Build configuration list for PBXNativeTarget "SampleFitTests" */ = {
			isa = XCConfigurationList;
			buildConfigurations = (
				F6F9DFF725D4CC4800B578B3 /* Debug */,
				F6F9DFF825D4CC4800B578B3 /* Release */,
			);
			defaultConfigurationIsVisible = 0;
			defaultConfigurationName = Release;
		};
		F6F9DFF925D4CC4800B578B3 /* Build configuration list for PBXNativeTarget "SampleFitUITests" */ = {
			isa = XCConfigurationList;
			buildConfigurations = (
				F6F9DFFA25D4CC4800B578B3 /* Debug */,
				F6F9DFFB25D4CC4800B578B3 /* Release */,
			);
			defaultConfigurationIsVisible = 0;
			defaultConfigurationName = Release;
		};
/* End XCConfigurationList section */
	};
	rootObject = F6F9DFC125D4CC4700B578B3 /* Project object */;
}
